
Microsoft Visual Studio Solution File, Format Version 12.00
# Visual Studio Version 17
VisualStudioVersion = 17.3.32825.248
MinimumVisualStudioVersion = 10.0.40219.1
Project("{FAE04EC0-301F-11D3-BF4B-00C04F79EFBC}") = "StackOverflow", "StackOverflow.csproj", "{ADE76EA0-1F62-42F0-BD9B-3ABE25554683}"
EndProject
Global
	GlobalSection(SolutionConfigurationPlatforms) = preSolution
		Debug|Any CPU = Debug|Any CPU
		Release|Any CPU = Release|Any CPU
	EndGlobalSection
	GlobalSection(ProjectConfigurationPlatforms) = postSolution
		{ADE76EA0-1F62-42F0-BD9B-3ABE25554683}.Debug|Any CPU.ActiveCfg = Debug|Any CPU
		{ADE76EA0-1F62-42F0-BD9B-3ABE25554683}.Debug|Any CPU.Build.0 = Debug|Any CPU
		{ADE76EA0-1F62-42F0-BD9B-3ABE25554683}.Release|Any CPU.ActiveCfg = Release|Any CPU
		{ADE76EA0-1F62-42F0-BD9B-3ABE25554683}.Release|Any CPU.Build.0 = Release|Any CPU
	EndGlobalSection
	GlobalSection(SolutionProperties) = preSolution
		HideSolutionNode = FALSE
	EndGlobalSection
	GlobalSection(ExtensibilityGlobals) = postSolution
		SolutionGuid = {15850CEE-A087-4FB8-B8AC-5DA37ED4E9B9}
	EndGlobalSection
EndGlobal
